
Microsoft Visual Studio Solution File, Format Version 12.00
# Visual Studio 15
VisualStudioVersion = 15.0.28306.52
MinimumVisualStudioVersion = 10.0.40219.1
Project("{FAE04EC0-301F-11D3-BF4B-00C04F79EFBC}") = "AutoFacPractice1", "AutoFacPractice1\AutoFacPractice1.csproj", "{097063AA-4D23-406B-9721-C83D0452295B}"
EndProject
Project("{FAE04EC0-301F-11D3-BF4B-00C04F79EFBC}") = "AutoFacPractice1.BL", "AutoFacPractice1.BL\AutoFacPractice1.BL.csproj", "{E3FC0F10-B4D4-42BA-A654-23FE65DF32EE}"
EndProject
Global
	GlobalSection(SolutionConfigurationPlatforms) = preSolution
		Debug|Any CPU = Debug|Any CPU
		Release|Any CPU = Release|Any CPU
	EndGlobalSection
	GlobalSection(ProjectConfigurationPlatforms) = postSolution
		{097063AA-4D23-406B-9721-C83D0452295B}.Debug|Any CPU.ActiveCfg = Debug|Any CPU
		{097063AA-4D23-406B-9721-C83D0452295B}.Debug|Any CPU.Build.0 = Debug|Any CPU
		{097063AA-4D23-406B-9721-C83D0452295B}.Release|Any CPU.ActiveCfg = Release|Any CPU
		{097063AA-4D23-406B-9721-C83D0452295B}.Release|Any CPU.Build.0 = Release|Any CPU
		{E3FC0F10-B4D4-42BA-A654-23FE65DF32EE}.Debug|Any CPU.ActiveCfg = Debug|Any CPU
		{E3FC0F10-B4D4-42BA-A654-23FE65DF32EE}.Debug|Any CPU.Build.0 = Debug|Any CPU
		{E3FC0F10-B4D4-42BA-A654-23FE65DF32EE}.Release|Any CPU.ActiveCfg = Release|Any CPU
		{E3FC0F10-B4D4-42BA-A654-23FE65DF32EE}.Release|Any CPU.Build.0 = Release|Any CPU
	EndGlobalSection
	GlobalSection(SolutionProperties) = preSolution
		HideSolutionNode = FALSE
	EndGlobalSection
	GlobalSection(ExtensibilityGlobals) = postSolution
		SolutionGuid = {9B01D4B2-4CEB-4B30-9441-55AC25E7BDBC}
	EndGlobalSection
EndGlobal
